
Microsoft Visual Studio Solution File, Format Version 12.00
# Visual Studio 15
VisualStudioVersion = 15.0.27703.2042
MinimumVisualStudioVersion = 10.0.40219.1
Project("{FAE04EC0-301F-11D3-BF4B-00C04F79EFBC}") = "MVCApp", "MVCApp\MVCApp.csproj", "{B7D57223-4C62-4A07-9BE3-479D61D22189}"
EndProject
Global
	GlobalSection(SolutionConfigurationPlatforms) = preSolution
		Debug|Any CPU = Debug|Any CPU
		Release|Any CPU = Release|Any CPU
	EndGlobalSection
	GlobalSection(ProjectConfigurationPlatforms) = postSolution
		{B7D57223-4C62-4A07-9BE3-479D61D22189}.Debug|Any CPU.ActiveCfg = Debug|Any CPU
		{B7D57223-4C62-4A07-9BE3-479D61D22189}.Debug|Any CPU.Build.0 = Debug|Any CPU
		{B7D57223-4C62-4A07-9BE3-479D61D22189}.Release|Any CPU.ActiveCfg = Release|Any CPU
		{B7D57223-4C62-4A07-9BE3-479D61D22189}.Release|Any CPU.Build.0 = Release|Any CPU
	EndGlobalSection
	GlobalSection(SolutionProperties) = preSolution
		HideSolutionNode = FALSE
	EndGlobalSection
	GlobalSection(ExtensibilityGlobals) = postSolution
		SolutionGuid = {25E343A3-63C9-43C3-9B51-6B22FA6203A6}
	EndGlobalSection
EndGlobal
